// !$*UTF8*$!
{
	archiveVersion = 1;
	classes = {
	};
	objectVersion = 46;
	objects = {

/* Begin PBXBuildFile section */
		B42B9C361EF4C67D00B8CC69 /* main.m in Sources */ = {isa = PBXBuildFile; fileRef = B42B9C351EF4C67D00B8CC69 /* main.m */; };
		B42B9C391EF4C67D00B8CC69 /* AppDelegate.m in Sources */ = {isa = PBXBuildFile; fileRef = B42B9C381EF4C67D00B8CC69 /* AppDelegate.m */; };
		B42B9C3C1EF4C67D00B8CC69 /* ViewController.m in Sources */ = {isa = PBXBuildFile; fileRef = B42B9C3B1EF4C67D00B8CC69 /* ViewController.m */; };
		B42B9C3F1EF4C67D00B8CC69 /* Main.storyboard in Resources */ = {isa = PBXBuildFile; fileRef = B42B9C3D1EF4C67D00B8CC69 /* Main.storyboard */; };
		B42B9C411EF4C67D00B8CC69 /* Assets.xcassets in Resources */ = {isa = PBXBuildFile; fileRef = B42B9C401EF4C67D00B8CC69 /* Assets.xcassets */; };
		B42B9C441EF4C67D00B8CC69 /* LaunchScreen.storyboard in Resources */ = {isa = PBXBuildFile; fileRef = B42B9C421EF4C67D00B8CC69 /* LaunchScreen.storyboard */; };
		B42B9C501EF4C68D00B8CC69 /* BaseTableView.m in Sources */ = {isa = PBXBuildFile; fileRef = B42B9C4D1EF4C68D00B8CC69 /* BaseTableView.m */; };
		B42B9C511EF4C68D00B8CC69 /* FunnyData.m in Sources */ = {isa = PBXBuildFile; fileRef = B42B9C4F1EF4C68D00B8CC69 /* FunnyData.m */; };
		B42B9C581EF4C69A00B8CC69 /* BMClientTableView.m in Sources */ = {isa = PBXBuildFile; fileRef = B42B9C531EF4C69A00B8CC69 /* BMClientTableView.m */; };
		B42B9C591EF4C69A00B8CC69 /* SortNameTool.m in Sources */ = {isa = PBXBuildFile; fileRef = B42B9C551EF4C69A00B8CC69 /* SortNameTool.m */; };
		B42B9C5A1EF4C69A00B8CC69 /* NameModel.m in Sources */ = {isa = PBXBuildFile; fileRef = B42B9C571EF4C69A00B8CC69 /* NameModel.m */; };
		CC8A33F1FAC2FFA83285435F /* Pods_AddressBookNameSort.framework in Frameworks */ = {isa = PBXBuildFile; fileRef = 4B6D022EA60519647EF0411D /* Pods_AddressBookNameSort.framework */; };
/* End PBXBuildFile section */

/* Begin PBXFileReference section */
		4B6D022EA60519647EF0411D /* Pods_AddressBookNameSort.framework */ = {isa = PBXFileReference; explicitFileType = wrapper.framework; includeInIndex = 0; path = Pods_AddressBookNameSort.framework; sourceTree = BUILT_PRODUCTS_DIR; };
		50DCF8FFECD76510596AA3FB /* Pods-AddressBookNameSort.debug.xcconfig */ = {isa = PBXFileReference; includeInIndex = 1; lastKnownFileType = text.xcconfig; name = "Pods-AddressBookNameSort.debug.xcconfig"; path = "Pods/Target Support Files/Pods-AddressBookNameSort/Pods-AddressBookNameSort.debug.xcconfig"; sourceTree = "<group>"; };
		51651B2377F162A3A0971BDE /* Pods-AddressBookNameSort.release.xcconfig */ = {isa = PBXFileReference; includeInIndex = 1; lastKnownFileType = text.xcconfig; name = "Pods-AddressBookNameSort.release.xcconfig"; path = "Pods/Target Support Files/Pods-AddressBookNameSort/Pods-AddressBookNameSort.release.xcconfig"; sourceTree = "<group>"; };
		B42B9C311EF4C67D00B8CC69 /* AddressBookNameSort.app */ = {isa = PBXFileReference; explicitFileType = wrapper.application; includeInIndex = 0; path = AddressBookNameSort.app; sourceTree = BUILT_PRODUCTS_DIR; };
		B42B9C351EF4C67D00B8CC69 /* main.m */ = {isa = PBXFileReference; lastKnownFileType = sourcecode.c.objc; path = main.m; sourceTree = "<group>"; };
		B42B9C371EF4C67D00B8CC69 /* AppDelegate.h */ = {isa = PBXFileReference; lastKnownFileType = sourcecode.c.h; path = AppDelegate.h; sourceTree = "<group>"; };
		B42B9C381EF4C67D00B8CC69 /* AppDelegate.m */ = {isa = PBXFileReference; lastKnownFileType = sourcecode.c.objc; path = AppDelegate.m; sourceTree = "<group>"; };
		B42B9C3A1EF4C67D00B8CC69 /* ViewController.h */ = {isa = PBXFileReference; lastKnownFileType = sourcecode.c.h; path = ViewController.h; sourceTree = "<group>"; };
		B42B9C3B1EF4C67D00B8CC69 /* ViewController.m */ = {isa = PBXFileReference; lastKnownFileType = sourcecode.c.objc; path = ViewController.m; sourceTree = "<group>"; };
		B42B9C3E1EF4C67D00B8CC69 /* Base */ = {isa = PBXFileReference; lastKnownFileType = file.storyboard; name = Base; path = Base.lproj/Main.storyboard; sourceTree = "<group>"; };
		B42B9C401EF4C67D00B8CC69 /* Assets.xcassets */ = {isa = PBXFileReference; lastKnownFileType = folder.assetcatalog; path = Assets.xcassets; sourceTree = "<group>"; };
		B42B9C431EF4C67D00B8CC69 /* Base */ = {isa = PBXFileReference; lastKnownFileType = file.storyboard; name = Base; path = Base.lproj/LaunchScreen.storyboard; sourceTree = "<group>"; };
		B42B9C451EF4C67D00B8CC69 /* Info.plist */ = {isa = PBXFileReference; lastKnownFileType = text.plist.xml; path = Info.plist; sourceTree = "<group>"; };
		B42B9C4C1EF4C68D00B8CC69 /* BaseTableView.h */ = {isa = PBXFileReference; fileEncoding = 4; lastKnownFileType = sourcecode.c.h; path = BaseTableView.h; sourceTree = "<group>"; };
		B42B9C4D1EF4C68D00B8CC69 /* BaseTableView.m */ = {isa = PBXFileReference; fileEncoding = 4; lastKnownFileType = sourcecode.c.objc; path = BaseTableView.m; sourceTree = "<group>"; };
		B42B9C4E1EF4C68D00B8CC69 /* FunnyData.h */ = {isa = PBXFileReference; fileEncoding = 4; lastKnownFileType = sourcecode.c.h; path = FunnyData.h; sourceTree = "<group>"; };
		B42B9C4F1EF4C68D00B8CC69 /* FunnyData.m */ = {isa = PBXFileReference; fileEncoding = 4; lastKnownFileType = sourcecode.c.objc; path = FunnyData.m; sourceTree = "<group>"; };
		B42B9C521EF4C69A00B8CC69 /* BMClientTableView.h */ = {isa = PBXFileReference; fileEncoding = 4; lastKnownFileType = sourcecode.c.h; path = BMClientTableView.h; sourceTree = "<group>"; };
		B42B9C531EF4C69A00B8CC69 /* BMClientTableView.m */ = {isa = PBXFileReference; fileEncoding = 4; lastKnownFileType = sourcecode.c.objc; path = BMClientTableView.m; sourceTree = "<group>"; };
		B42B9C541EF4C69A00B8CC69 /* SortNameTool.h */ = {isa = PBXFileReference; fileEncoding = 4; lastKnownFileType = sourcecode.c.h; path = SortNameTool.h; sourceTree = "<group>"; };
		B42B9C551EF4C69A00B8CC69 /* SortNameTool.m */ = {isa = PBXFileReference; fileEncoding = 4; lastKnownFileType = sourcecode.c.objc; path = SortNameTool.m; sourceTree = "<group>"; };
		B42B9C561EF4C69A00B8CC69 /* NameModel.h */ = {isa = PBXFileReference; fileEncoding = 4; lastKnownFileType = sourcecode.c.h; path = NameModel.h; sourceTree = "<group>"; };
		B42B9C571EF4C69A00B8CC69 /* NameModel.m */ = {isa = PBXFileReference; fileEncoding = 4; lastKnownFileType = sourcecode.c.objc; path = NameModel.m; sourceTree = "<group>"; };
/* End PBXFileReference section */

/* Begin PBXFrameworksBuildPhase section */
		B42B9C2E1EF4C67D00B8CC69 /* Frameworks */ = {
			isa = PBXFrameworksBuildPhase;
			buildActionMask = 2147483647;
			files = (
				CC8A33F1FAC2FFA83285435F /* Pods_AddressBookNameSort.framework in Frameworks */,
			);
			runOnlyForDeploymentPostprocessing = 0;
		};
/* End PBXFrameworksBuildPhase section */

/* Begin PBXGroup section */
		34FA28C615F01FD7CECC36C7 /* Pods */ = {
			isa = PBXGroup;
			children = (
				50DCF8FFECD76510596AA3FB /* Pods-AddressBookNameSort.debug.xcconfig */,
				51651B2377F162A3A0971BDE /* Pods-AddressBookNameSort.release.xcconfig */,
			);
			name = Pods;
			sourceTree = "<group>";
		};
		855813287C9740483035DF5D /* Frameworks */ = {
			isa = PBXGroup;
			children = (
				4B6D022EA60519647EF0411D /* Pods_AddressBookNameSort.framework */,
			);
			name = Frameworks;
			sourceTree = "<group>";
		};
		B42B9C281EF4C67D00B8CC69 = {
			isa = PBXGroup;
			children = (
				B42B9C331EF4C67D00B8CC69 /* AddressBookNameSort */,
				B42B9C321EF4C67D00B8CC69 /* Products */,
				34FA28C615F01FD7CECC36C7 /* Pods */,
				855813287C9740483035DF5D /* Frameworks */,
			);
			sourceTree = "<group>";
		};
		B42B9C321EF4C67D00B8CC69 /* Products */ = {
			isa = PBXGroup;
			children = (
				B42B9C311EF4C67D00B8CC69 /* AddressBookNameSort.app */,
			);
			name = Products;
			sourceTree = "<group>";
		};
		B42B9C331EF4C67D00B8CC69 /* AddressBookNameSort */ = {
			isa = PBXGroup;
			children = (
				B42B9C4B1EF4C68D00B8CC69 /* Base */,
				B42B9C371EF4C67D00B8CC69 /* AppDelegate.h */,
				B42B9C381EF4C67D00B8CC69 /* AppDelegate.m */,
				B42B9C3A1EF4C67D00B8CC69 /* ViewController.h */,
				B42B9C3B1EF4C67D00B8CC69 /* ViewController.m */,
				B42B9C521EF4C69A00B8CC69 /* BMClientTableView.h */,
				B42B9C531EF4C69A00B8CC69 /* BMClientTableView.m */,
				B42B9C541EF4C69A00B8CC69 /* SortNameTool.h */,
				B42B9C551EF4C69A00B8CC69 /* SortNameTool.m */,
				B42B9C561EF4C69A00B8CC69 /* NameModel.h */,
				B42B9C571EF4C69A00B8CC69 /* NameModel.m */,
				B42B9C3D1EF4C67D00B8CC69 /* Main.storyboard */,
				B42B9C401EF4C67D00B8CC69 /* Assets.xcassets */,
				B42B9C421EF4C67D00B8CC69 /* LaunchScreen.storyboard */,
				B42B9C451EF4C67D00B8CC69 /* Info.plist */,
				B42B9C341EF4C67D00B8CC69 /* Supporting Files */,
			);
			path = AddressBookNameSort;
			sourceTree = "<group>";
		};
		B42B9C341EF4C67D00B8CC69 /* Supporting Files */ = {
			isa = PBXGroup;
			children = (
				B42B9C351EF4C67D00B8CC69 /* main.m */,
			);
			name = "Supporting Files";
			sourceTree = "<group>";
		};
		B42B9C4B1EF4C68D00B8CC69 /* Base */ = {
			isa = PBXGroup;
			children = (
				B42B9C4C1EF4C68D00B8CC69 /* BaseTableView.h */,
				B42B9C4D1EF4C68D00B8CC69 /* BaseTableView.m */,
				B42B9C4E1EF4C68D00B8CC69 /* FunnyData.h */,
				B42B9C4F1EF4C68D00B8CC69 /* FunnyData.m */,
			);
			path = Base;
			sourceTree = "<group>";
		};
/* End PBXGroup section */

/* Begin PBXNativeTarget section */
		B42B9C301EF4C67D00B8CC69 /* AddressBookNameSort */ = {
			isa = PBXNativeTarget;
			buildConfigurationList = B42B9C481EF4C67D00B8CC69 /* Build configuration list for PBXNativeTarget "AddressBookNameSort" */;
			buildPhases = (
				41A9360C3BB2C70A174CB41F /* [CP] Check Pods Manifest.lock */,
				B42B9C2D1EF4C67D00B8CC69 /* Sources */,
				B42B9C2E1EF4C67D00B8CC69 /* Frameworks */,
				B42B9C2F1EF4C67D00B8CC69 /* Resources */,
				E1988F4F522ABD35259B2167 /* [CP] Embed Pods Frameworks */,
				43D898EA5462DACF54111D98 /* [CP] Copy Pods Resources */,
			);
			buildRules = (
			);
			dependencies = (
			);
			name = AddressBookNameSort;
			productName = AddressBookNameSort;
			productReference = B42B9C311EF4C67D00B8CC69 /* AddressBookNameSort.app */;
			productType = "com.apple.product-type.application";
		};
/* End PBXNativeTarget section */

/* Begin PBXProject section */
		B42B9C291EF4C67D00B8CC69 /* Project object */ = {
			isa = PBXProject;
			attributes = {
				LastUpgradeCheck = 0830;
				ORGANIZATIONNAME = Funny;
				TargetAttributes = {
					B42B9C301EF4C67D00B8CC69 = {
						CreatedOnToolsVersion = 8.3;
						DevelopmentTeam = W22M8JG4TB;
						ProvisioningStyle = Automatic;
					};
				};
			};
			buildConfigurationList = B42B9C2C1EF4C67D00B8CC69 /* Build configuration list for PBXProject "AddressBookNameSort" */;
			compatibilityVersion = "Xcode 3.2";
			developmentRegion = English;
			hasScannedForEncodings = 0;
			knownRegions = (
				en,
				Base,
			);
			mainGroup = B42B9C281EF4C67D00B8CC69;
			productRefGroup = B42B9C321EF4C67D00B8CC69 /* Products */;
			projectDirPath = "";
			projectRoot = "";
			targets = (
				B42B9C301EF4C67D00B8CC69 /* AddressBookNameSort */,
			);
		};
/* End PBXProject section */

/* Begin PBXResourcesBuildPhase section */
		B42B9C2F1EF4C67D00B8CC69 /* Resources */ = {
			isa = PBXResourcesBuildPhase;
			buildActionMask = 2147483647;
			files = (
				B42B9C441EF4C67D00B8CC69 /* LaunchScreen.storyboard in Resources */,
				B42B9C411EF4C67D00B8CC69 /* Assets.xcassets in Resources */,
				B42B9C3F1EF4C67D00B8CC69 /* Main.storyboard in Resources */,
			);
			runOnlyForDeploymentPostprocessing = 0;
		};
/* End PBXResourcesBuildPhase section */

/* Begin PBXShellScriptBuildPhase section */
		41A9360C3BB2C70A174CB41F /* [CP] Check Pods Manifest.lock */ = {
			isa = PBXShellScriptBuildPhase;
			buildActionMask = 2147483647;
			files = (
			);
			inputPaths = (
			);
			name = "[CP] Check Pods Manifest.lock";
			outputPaths = (
			);
			runOnlyForDeploymentPostprocessing = 0;
			shellPath = /bin/sh;
			shellScript = "diff \"${PODS_PODFILE_DIR_PATH}/Podfile.lock\" \"${PODS_ROOT}/Manifest.lock\" > /dev/null\nif [ $? != 0 ] ; then\n    # print error to STDERR\n    echo \"error: The sandbox is not in sync with the Podfile.lock. Run 'pod install' or update your CocoaPods installation.\" >&2\n    exit 1\nfi\n";
			showEnvVarsInLog = 0;
		};
		43D898EA5462DACF54111D98 /* [CP] Copy Pods Resources */ = {
			isa = PBXShellScriptBuildPhase;
			buildActionMask = 2147483647;
			files = (
			);
			inputPaths = (
			);
			name = "[CP] Copy Pods Resources";
			outputPaths = (
			);
			runOnlyForDeploymentPostprocessing = 0;
			shellPath = /bin/sh;
			shellScript = "\"${SRCROOT}/Pods/Target Support Files/Pods-AddressBookNameSort/Pods-AddressBookNameSort-resources.sh\"\n";
			showEnvVarsInLog = 0;
		};
		E1988F4F522ABD35259B2167 /* [CP] Embed Pods Frameworks */ = {
			isa = PBXShellScriptBuildPhase;
			buildActionMask = 2147483647;
			files = (
			);
			inputPaths = (
			);
			name = "[CP] Embed Pods Frameworks";
			outputPaths = (
			);
			runOnlyForDeploymentPostprocessing = 0;
			shellPath = /bin/sh;
			shellScript = "\"${SRCROOT}/Pods/Target Support Files/Pods-AddressBookNameSort/Pods-AddressBookNameSort-frameworks.sh\"\n";
			showEnvVarsInLog = 0;
		};
/* End PBXShellScriptBuildPhase section */

/* Begin PBXSourcesBuildPhase section */
		B42B9C2D1EF4C67D00B8CC69 /* Sources */ = {
			isa = PBXSourcesBuildPhase;
			buildActionMask = 2147483647;
			files = (
				B42B9C5A1EF4C69A00B8CC69 /* NameModel.m in Sources */,
				B42B9C501EF4C68D00B8CC69 /* BaseTableView.m in Sources */,
				B42B9C3C1EF4C67D00B8CC69 /* ViewController.m in Sources */,
				B42B9C391EF4C67D00B8CC69 /* AppDelegate.m in Sources */,
				B42B9C511EF4C68D00B8CC69 /* FunnyData.m in Sources */,
				B42B9C361EF4C67D00B8CC69 /* main.m in Sources */,
				B42B9C581EF4C69A00B8CC69 /* BMClientTableView.m in Sources */,
				B42B9C591EF4C69A00B8CC69 /* SortNameTool.m in Sources */,
			);
			runOnlyForDeploymentPostprocessing = 0;
		};
/* End PBXSourcesBuildPhase section */

/* Begin PBXVariantGroup section */
		B42B9C3D1EF4C67D00B8CC69 /* Main.storyboard */ = {
			isa = PBXVariantGroup;
			children = (
				B42B9C3E1EF4C67D00B8CC69 /* Base */,
			);
			name = Main.storyboard;
			sourceTree = "<group>";
		};
		B42B9C421EF4C67D00B8CC69 /* LaunchScreen.storyboard */ = {
			isa = PBXVariantGroup;
			children = (
				B42B9C431EF4C67D00B8CC69 /* Base */,
			);
			name = LaunchScreen.storyboard;
			sourceTree = "<group>";
		};
/* End PBXVariantGroup section */

/* Begin XCBuildConfiguration section */
		B42B9C461EF4C67D00B8CC69 /* Debug */ = {
			isa = XCBuildConfiguration;
			buildSettings = {
				ALWAYS_SEARCH_USER_PATHS = NO;
				CLANG_ANALYZER_NONNULL = YES;
				CLANG_ANALYZER_NUMBER_OBJECT_CONVERSION = YES_AGGRESSIVE;
				CLANG_CXX_LANGUAGE_STANDARD = "gnu++0x";
				CLANG_CXX_LIBRARY = "libc++";
				CLANG_ENABLE_MODULES = YES;
				CLANG_ENABLE_OBJC_ARC = YES;
				CLANG_WARN_BOOL_CONVERSION = YES;
				CLANG_WARN_CONSTANT_CONVERSION = YES;
				CLANG_WARN_DIRECT_OBJC_ISA_USAGE = YES_ERROR;
				CLANG_WARN_DOCUMENTATION_COMMENTS = YES;
				CLANG_WARN_EMPTY_BODY = YES;
				CLANG_WARN_ENUM_CONVERSION = YES;
				CLANG_WARN_INFINITE_RECURSION = YES;
				CLANG_WARN_INT_CONVERSION = YES;
				CLANG_WARN_OBJC_ROOT_CLASS = YES_ERROR;
				CLANG_WARN_SUSPICIOUS_MOVE = YES;
				CLANG_WARN_UNREACHABLE_CODE = YES;
				CLANG_WARN__DUPLICATE_METHOD_MATCH = YES;
				"CODE_SIGN_IDENTITY[sdk=iphoneos*]" = "iPhone Developer";
				COPY_PHASE_STRIP = NO;
				DEBUG_INFORMATION_FORMAT = dwarf;
				ENABLE_STRICT_OBJC_MSGSEND = YES;
				ENABLE_TESTABILITY = YES;
				GCC_C_LANGUAGE_STANDARD = gnu99;
				GCC_DYNAMIC_NO_PIC = NO;
				GCC_NO_COMMON_BLOCKS = YES;
				GCC_OPTIMIZATION_LEVEL = 0;
				GCC_PREPROCESSOR_DEFINITIONS = (
					"DEBUG=1",
					"$(inherited)",
				);
				GCC_WARN_64_TO_32_BIT_CONVERSION = YES;
				GCC_WARN_ABOUT_RETURN_TYPE = YES_ERROR;
				GCC_WARN_UNDECLARED_SELECTOR = YES;
				GCC_WARN_UNINITIALIZED_AUTOS = YES_AGGRESSIVE;
				GCC_WARN_UNUSED_FUNCTION = YES;
				GCC_WARN_UNUSED_VARIABLE = YES;
				IPHONEOS_DEPLOYMENT_TARGET = 10.3;
				MTL_ENABLE_DEBUG_INFO = YES;
				ONLY_ACTIVE_ARCH = YES;
				SDKROOT = iphoneos;
				TARGETED_DEVICE_FAMILY = "1,2";
			};
			name = Debug;
		};
		B42B9C471EF4C67D00B8CC69 /* Release */ = {
			isa = XCBuildConfiguration;
			buildSettings = {
				ALWAYS_SEARCH_USER_PATHS = NO;
				CLANG_ANALYZER_NONNULL = YES;
				CLANG_ANALYZER_NUMBER_OBJECT_CONVERSION = YES_AGGRESSIVE;
				CLANG_CXX_LANGUAGE_STANDARD = "gnu++0x";
				CLANG_CXX_LIBRARY = "libc++";
				CLANG_ENABLE_MODULES = YES;
				CLANG_ENABLE_OBJC_ARC = YES;
				CLANG_WARN_BOOL_CONVERSION = YES;
				CLANG_WARN_CONSTANT_CONVERSION = YES;
				CLANG_WARN_DIRECT_OBJC_ISA_USAGE = YES_ERROR;
				CLANG_WARN_DOCUMENTATION_COMMENTS = YES;
				CLANG_WARN_EMPTY_BODY = YES;
				CLANG_WARN_ENUM_CONVERSION = YES;
				CLANG_WARN_INFINITE_RECURSION = YES;
				CLANG_WARN_INT_CONVERSION = YES;
				CLANG_WARN_OBJC_ROOT_CLASS = YES_ERROR;
				CLANG_WARN_SUSPICIOUS_MOVE = YES;
				CLANG_WARN_UNREACHABLE_CODE = YES;
				CLANG_WARN__DUPLICATE_METHOD_MATCH = YES;
				"CODE_SIGN_IDENTITY[sdk=iphoneos*]" = "iPhone Developer";
				COPY_PHASE_STRIP = NO;
				DEBUG_INFORMATION_FORMAT = "dwarf-with-dsym";
				ENABLE_NS_ASSERTIONS = NO;
				ENABLE_STRICT_OBJC_MSGSEND = YES;
				GCC_C_LANGUAGE_STANDARD = gnu99;
				GCC_NO_COMMON_BLOCKS = YES;
				GCC_WARN_64_TO_32_BIT_CONVERSION = YES;
				GCC_WARN_ABOUT_RETURN_TYPE = YES_ERROR;
				GCC_WARN_UNDECLARED_SELECTOR = YES;
				GCC_WARN_UNINITIALIZED_AUTOS = YES_AGGRESSIVE;
				GCC_WARN_UNUSED_FUNCTION = YES;
				GCC_WARN_UNUSED_VARIABLE = YES;
				IPHONEOS_DEPLOYMENT_TARGET = 10.3;
				MTL_ENABLE_DEBUG_INFO = NO;
				SDKROOT = iphoneos;
				TARGETED_DEVICE_FAMILY = "1,2";
				VALIDATE_PRODUCT = YES;
			};
			name = Release;
		};
		B42B9C491EF4C67D00B8CC69 /* Debug */ = {
			isa = XCBuildConfiguration;
			baseConfigurationReference = 50DCF8FFECD76510596AA3FB /* Pods-AddressBookNameSort.debug.xcconfig */;
			buildSettings = {
				ASSETCATALOG_COMPILER_APPICON_NAME = AppIcon;
				DEVELOPMENT_TEAM = W22M8JG4TB;
				INFOPLIST_FILE = AddressBookNameSort/Info.plist;
				IPHONEOS_DEPLOYMENT_TARGET = 9.1;
				LD_RUNPATH_SEARCH_PATHS = "$(inherited) @executable_path/Frameworks";
				PRODUCT_BUNDLE_IDENTIFIER = com.funny.AddressBookNameSort;
				PRODUCT_NAME = "$(TARGET_NAME)";
			};
			name = Debug;
		};
		B42B9C4A1EF4C67D00B8CC69 /* Release */ = {
			isa = XCBuildConfiguration;
			baseConfigurationReference = 51651B2377F162A3A0971BDE /* Pods-AddressBookNameSort.release.xcconfig */;
			buildSettings = {
				ASSETCATALOG_COMPILER_APPICON_NAME = AppIcon;
				DEVELOPMENT_TEAM = W22M8JG4TB;
				INFOPLIST_FILE = AddressBookNameSort/Info.plist;
				IPHONEOS_DEPLOYMENT_TARGET = 9.1;
				LD_RUNPATH_SEARCH_PATHS = "$(inherited) @executable_path/Frameworks";
				PRODUCT_BUNDLE_IDENTIFIER = com.funny.AddressBookNameSort;
				PRODUCT_NAME = "$(TARGET_NAME)";
			};
			name = Release;
		};
/* End XCBuildConfiguration section */

/* Begin XCConfigurationList section */
		B42B9C2C1EF4C67D00B8CC69 /* Build configuration list for PBXProject "AddressBookNameSort" */ = {
			isa = XCConfigurationList;
			buildConfigurations = (
				B42B9C461EF4C67D00B8CC69 /* Debug */,
				B42B9C471EF4C67D00B8CC69 /* Release */,
			);
			defaultConfigurationIsVisible = 0;
			defaultConfigurationName = Release;
		};
		B42B9C481EF4C67D00B8CC69 /* Build configuration list for PBXNativeTarget "AddressBookNameSort" */ = {
			isa = XCConfigurationList;
			buildConfigurations = (
				B42B9C491EF4C67D00B8CC69 /* Debug */,
				B42B9C4A1EF4C67D00B8CC69 /* Release */,
			);
			defaultConfigurationIsVisible = 0;
		};
/* End XCConfigurationList section */
	};
	rootObject = B42B9C291EF4C67D00B8CC69 /* Project object */;
}
